
Microsoft Visual Studio Solution File, Format Version 12.00
# Visual Studio 15
VisualStudioVersion = 15.0.28307.329
MinimumVisualStudioVersion = 10.0.40219.1
Project("{8BC9CEB8-8B4A-11D0-8D11-00A0C91BC942}") = "cw11str68", "cw11str68\cw11str68.vcxproj", "{5B6AB269-79D5-4F0D-9630-7500055C43F9}"
EndProject
Global
	GlobalSection(SolutionConfigurationPlatforms) = preSolution
		Debug|x64 = Debug|x64
		Debug|x86 = Debug|x86
		Release|x64 = Release|x64
		Release|x86 = Release|x86
	EndGlobalSection
	GlobalSection(ProjectConfigurationPlatforms) = postSolution
		{5B6AB269-79D5-4F0D-9630-7500055C43F9}.Debug|x64.ActiveCfg = Debug|x64
		{5B6AB269-79D5-4F0D-9630-7500055C43F9}.Debug|x64.Build.0 = Debug|x64
		{5B6AB269-79D5-4F0D-9630-7500055C43F9}.Debug|x86.ActiveCfg = Debug|Win32
		{5B6AB269-79D5-4F0D-9630-7500055C43F9}.Debug|x86.Build.0 = Debug|Win32
		{5B6AB269-79D5-4F0D-9630-7500055C43F9}.Release|x64.ActiveCfg = Release|x64
		{5B6AB269-79D5-4F0D-9630-7500055C43F9}.Release|x64.Build.0 = Release|x64
		{5B6AB269-79D5-4F0D-9630-7500055C43F9}.Release|x86.ActiveCfg = Release|Win32
		{5B6AB269-79D5-4F0D-9630-7500055C43F9}.Release|x86.Build.0 = Release|Win32
	EndGlobalSection
	GlobalSection(SolutionProperties) = preSolution
		HideSolutionNode = FALSE
	EndGlobalSection
	GlobalSection(ExtensibilityGlobals) = postSolution
		SolutionGuid = {AAE13151-A8DD-4E57-91E6-824556846A8E}
	EndGlobalSection
EndGlobal
